github.com/jackcipher/quickrequest v0.0.0-20200619062001-86f3db844e27 h1:KGrKq8sC3QHlDjgDhP1nDEiXXrFdRB1aqr+5tGB9WeE=
github.com/jackcipher/quickrequest v0.0.0-20200619062001-86f3db844e27/go.mod h1:oX4pDGPX+SwpcUJh0s4qeQNyNSaMQg7+C4ffpMBe3FI=
github.com/jackcipher/quickrequest v0.0.1 h1:gEBckdC+wTR8zm7fT/NZrU9RI+bo04M+03NSlQD3py4=
github.com/jackcipher/quickrequest v0.0.1/go.mod h1:pwG7oIKsOVkD980p8k30yVD3eixDB1clIkBDzHtoJDU=
github.com/jackcipher/quickrequest v0.0.2 h1:OiSfUFHOLsothqbVByKN7RBDXcJAyPE7XZRL7WwshU4=
github.com/jackcipher/quickrequest v0.0.2/go.mod h1:pwG7oIKsOVkD980p8k30yVD3eixDB1clIkBDzHtoJDU=
github.com/jackcipher/quickrequest v0.0.3 h1:0Ewuzp/y2jfI/XpkSbOmDczypOY5gvimDEZ1P/WAz1A=
github.com/jackcipher/quickrequest v0.0.3/go.mod h1:pwG7oIKsOVkD980p8k30yVD3eixDB1clIkBDzHtoJDU=
